{
  "version": 4,
  "terraform_version": "1.5.7",
  "serial": 40,
  "lineage": "558e2523-b493-4907-5f3e-262a1600ef8b",
  "outputs": {
    "teraform_aws_role_arn_output": {
      "value": "arn:aws:iam::227182410020:role/terraform_aws_lambda_role_spotify",
      "type": "string"
    },
    "teraform_aws_role_output": {
      "value": "terraform_aws_lambda_role_spotify",
      "type": "string"
    },
    "teraform_logging_arn_output": {
      "value": "arn:aws:iam::227182410020:policy/aws_iam_policy_for_terraform_aws_lambda_role_spotify",
      "type": "string"
    }
  },
  "resources": [
    {
      "mode": "data",
      "type": "archive_file",
      "name": "zip_the_python_code",
      "provider": "provider[\"registry.terraform.io/hashicorp/archive\"]",
      "instances": [
        {
          "schema_version": 0,
          "attributes": {
            "exclude_symlink_directories": null,
            "excludes": null,
            "id": "ef3552667f5eb3ca12cdfcf362d7f3be07164ef2",
            "output_base64sha256": "XlCsEnhr9TFrtwT6DjbLtM+VBXYfSRpa2/Bch+F7U+U=",
            "output_base64sha512": "ooCUuhySGunq6NsdAd+E3zYMH6UbaG050xND6CR98IuwK/gMhQ+fNj2XOfggV3e+0Fu4Rbf+Woq9jFDaaXEAiw==",
            "output_file_mode": null,
            "output_md5": "3d2e25ab9f5d32fccbb1e48e58d9273a",
            "output_path": "./python/lambda_func.zip",
            "output_sha": "ef3552667f5eb3ca12cdfcf362d7f3be07164ef2",
            "output_sha256": "5e50ac12786bf5316bb704fa0e36cbb4cf9505761f491a5adbf05c87e17b53e5",
            "output_sha512": "a28094ba1c921ae9eae8db1d01df84df360c1fa51b686d39d31343e8247df08bb02bf80c850f9f363d9739f8205777bed05bb845b7fe5a8abd8c50da6971008b",
            "output_size": 1314,
            "source": [],
            "source_content": null,
            "source_content_filename": null,
            "source_dir": "./python/",
            "source_file": null,
            "type": "zip"
          },
          "sensitive_attributes": []
        }
      ]
    },
    {
      "mode": "managed",
      "type": "aws_iam_policy",
      "name": "iam_policy_for_lambda",
      "provider": "provider[\"registry.terraform.io/hashicorp/aws\"]",
      "instances": [
        {
          "schema_version": 0,
          "attributes": {
            "arn": "arn:aws:iam::227182410020:policy/aws_iam_policy_for_terraform_aws_lambda_role_spotify",
            "description": "AWS IAM Policy for managing aws lambda role",
            "id": "arn:aws:iam::227182410020:policy/aws_iam_policy_for_terraform_aws_lambda_role_spotify",
            "name": "aws_iam_policy_for_terraform_aws_lambda_role_spotify",
            "name_prefix": "",
            "path": "/",
            "policy": "{\"Statement\":[{\"Action\":[\"logs:CreateLogGroup\",\"logs:CreateLogStream\",\"logs:PutLogEvents\"],\"Effect\":\"Allow\",\"Resource\":\"arn:aws:logs:*:*:*\"}],\"Version\":\"2012-10-17\"}",
            "policy_id": "ANPATJZJAPESPOWBATELY",
            "tags": {},
            "tags_all": {}
          },
          "sensitive_attributes": [],
          "private": "bnVsbA=="
        }
      ]
    },
    {
      "mode": "managed",
      "type": "aws_iam_role",
      "name": "lambda_role",
      "provider": "provider[\"registry.terraform.io/hashicorp/aws\"]",
      "instances": [
        {
          "schema_version": 0,
          "attributes": {
            "arn": "arn:aws:iam::227182410020:role/terraform_aws_lambda_role_spotify",
            "assume_role_policy": "{\"Statement\":[{\"Action\":\"sts:AssumeRole\",\"Effect\":\"Allow\",\"Principal\":{\"Service\":\"lambda.amazonaws.com\"},\"Sid\":\"\"}],\"Version\":\"2012-10-17\"}",
            "create_date": "2023-10-04T16:16:46Z",
            "description": "",
            "force_detach_policies": false,
            "id": "terraform_aws_lambda_role_spotify",
            "inline_policy": [],
            "managed_policy_arns": [
              "arn:aws:iam::227182410020:policy/aws_iam_policy_for_terraform_aws_lambda_role_spotify",
              "arn:aws:iam::aws:policy/AmazonS3FullAccess"
            ],
            "max_session_duration": 3600,
            "name": "terraform_aws_lambda_role_spotify",
            "name_prefix": "",
            "path": "/",
            "permissions_boundary": null,
            "tags": {},
            "tags_all": {},
            "unique_id": "AROATJZJAPESKAUBZYT7L"
          },
          "sensitive_attributes": [],
          "private": "bnVsbA=="
        }
      ]
    },
    {
      "mode": "managed",
      "type": "aws_iam_role_policy_attachment",
      "name": "attach_iam_policy_to_iam_role",
      "provider": "provider[\"registry.terraform.io/hashicorp/aws\"]",
      "instances": [
        {
          "schema_version": 0,
          "attributes": {
            "id": "terraform_aws_lambda_role_spotify-20231004161648529500000001",
            "policy_arn": "arn:aws:iam::227182410020:policy/aws_iam_policy_for_terraform_aws_lambda_role_spotify",
            "role": "terraform_aws_lambda_role_spotify"
          },
          "sensitive_attributes": [],
          "private": "bnVsbA==",
          "dependencies": [
            "aws_iam_policy.iam_policy_for_lambda",
            "aws_iam_role.lambda_role"
          ]
        }
      ]
    },
    {
      "mode": "managed",
      "type": "aws_lambda_function",
      "name": "terraform_lambda_func",
      "provider": "provider[\"registry.terraform.io/hashicorp/aws\"]",
      "instances": [
        {
          "schema_version": 0,
          "attributes": {
            "architectures": [
              "x86_64"
            ],
            "arn": "arn:aws:lambda:us-east-2:227182410020:function:Jhooq-Lambda-Function",
            "code_signing_config_arn": "",
            "dead_letter_config": [],
            "description": "",
            "environment": [],
            "ephemeral_storage": [
              {
                "size": 512
              }
            ],
            "file_system_config": [],
            "filename": "./python/lambda_func.zip",
            "function_name": "Jhooq-Lambda-Function",
            "handler": "lambda_func.lambda_handler",
            "id": "Jhooq-Lambda-Function",
            "image_config": [],
            "image_uri": "",
            "invoke_arn": "arn:aws:apigateway:us-east-2:lambda:path/2015-03-31/functions/arn:aws:lambda:us-east-2:227182410020:function:Jhooq-Lambda-Function/invocations",
            "kms_key_arn": "",
            "last_modified": "2023-10-05T08:50:33.000+0000",
            "layers": [],
            "memory_size": 128,
            "package_type": "Zip",
            "publish": false,
            "qualified_arn": "arn:aws:lambda:us-east-2:227182410020:function:Jhooq-Lambda-Function:$LATEST",
            "qualified_invoke_arn": "arn:aws:apigateway:us-east-2:lambda:path/2015-03-31/functions/arn:aws:lambda:us-east-2:227182410020:function:Jhooq-Lambda-Function:$LATEST/invocations",
            "replace_security_groups_on_destroy": null,
            "replacement_security_group_ids": null,
            "reserved_concurrent_executions": -1,
            "role": "arn:aws:iam::227182410020:role/terraform_aws_lambda_role_spotify",
            "runtime": "python3.11",
            "s3_bucket": null,
            "s3_key": null,
            "s3_object_version": null,
            "signing_job_arn": "",
            "signing_profile_version_arn": "",
            "skip_destroy": false,
            "snap_start": [],
            "source_code_hash": "XlCsEnhr9TFrtwT6DjbLtM+VBXYfSRpa2/Bch+F7U+U=",
            "source_code_size": 1314,
            "tags": {},
            "tags_all": {},
            "timeout": 3,
            "timeouts": null,
            "tracing_config": [
              {
                "mode": "PassThrough"
              }
            ],
            "version": "$LATEST",
            "vpc_config": []
          },
          "sensitive_attributes": [],
          "private": "eyJlMmJmYjczMC1lY2FhLTExZTYtOGY4OC0zNDM2M2JjN2M0YzAiOnsiY3JlYXRlIjo2MDAwMDAwMDAwMDAsImRlbGV0ZSI6NjAwMDAwMDAwMDAwLCJ1cGRhdGUiOjYwMDAwMDAwMDAwMH19",
          "dependencies": [
            "aws_iam_role.lambda_role",
            "aws_iam_role_policy_attachment.attach_iam_policy_to_iam_role"
          ]
        }
      ]
    }
  ],
  "check_results": null
}
